
Microsoft Visual Studio Solution File, Format Version 12.00
# Visual Studio Version 17
VisualStudioVersion = 17.14.36408.4 d17.14
MinimumVisualStudioVersion = 10.0.40219.1
Project("{FAE04EC0-301F-11D3-BF4B-00C04F79EFBC}") = "WebApp", "WebApp\WebApp.csproj", "{7A28FF6A-2B4A-4B71-85D1-93C8CCD3E095}"
EndProject
Global
	GlobalSection(SolutionConfigurationPlatforms) = preSolution
		Debug|Any CPU = Debug|Any CPU
		Release|Any CPU = Release|Any CPU
	EndGlobalSection
	GlobalSection(ProjectConfigurationPlatforms) = postSolution
		{7A28FF6A-2B4A-4B71-85D1-93C8CCD3E095}.Debug|Any CPU.ActiveCfg = Debug|Any CPU
		{7A28FF6A-2B4A-4B71-85D1-93C8CCD3E095}.Debug|Any CPU.Build.0 = Debug|Any CPU
		{7A28FF6A-2B4A-4B71-85D1-93C8CCD3E095}.Release|Any CPU.ActiveCfg = Release|Any CPU
		{7A28FF6A-2B4A-4B71-85D1-93C8CCD3E095}.Release|Any CPU.Build.0 = Release|Any CPU
	EndGlobalSection
	GlobalSection(SolutionProperties) = preSolution
		HideSolutionNode = FALSE
	EndGlobalSection
	GlobalSection(ExtensibilityGlobals) = postSolution
		SolutionGuid = {7A552481-C48A-4200-BDB6-AE20BABF2BF8}
	EndGlobalSection
EndGlobal
